
Microsoft Visual Studio Solution File, Format Version 12.00
# Visual Studio Version 17
VisualStudioVersion = 17.7.34024.191
MinimumVisualStudioVersion = 10.0.40219.1
Project("{FAE04EC0-301F-11D3-BF4B-00C04F79EFBC}") = "DangNhap", "DangNhap\DangNhap.csproj", "{EE18645B-067F-4C42-8D05-E8873B4C1726}"
EndProject
Global
	GlobalSection(SolutionConfigurationPlatforms) = preSolution
		Debug|Any CPU = Debug|Any CPU
		Release|Any CPU = Release|Any CPU
	EndGlobalSection
	GlobalSection(ProjectConfigurationPlatforms) = postSolution
		{EE18645B-067F-4C42-8D05-E8873B4C1726}.Debug|Any CPU.ActiveCfg = Debug|Any CPU
		{EE18645B-067F-4C42-8D05-E8873B4C1726}.Debug|Any CPU.Build.0 = Debug|Any CPU
		{EE18645B-067F-4C42-8D05-E8873B4C1726}.Release|Any CPU.ActiveCfg = Release|Any CPU
		{EE18645B-067F-4C42-8D05-E8873B4C1726}.Release|Any CPU.Build.0 = Release|Any CPU
	EndGlobalSection
	GlobalSection(SolutionProperties) = preSolution
		HideSolutionNode = FALSE
	EndGlobalSection
	GlobalSection(ExtensibilityGlobals) = postSolution
		SolutionGuid = {730FBF24-5ED0-4E8A-B06E-435D4059DF72}
	EndGlobalSection
EndGlobal
