
Microsoft Visual Studio Solution File, Format Version 12.00
# Visual Studio Version 17
VisualStudioVersion = 17.7.34003.232
MinimumVisualStudioVersion = 10.0.40219.1
Project("{FAE04EC0-301F-11D3-BF4B-00C04F79EFBC}") = "addfilm", "addfilm\addfilm.csproj", "{1BC14D61-128F-4293-9F79-3A84F4AFF7CA}"
EndProject
Global
	GlobalSection(SolutionConfigurationPlatforms) = preSolution
		Debug|Any CPU = Debug|Any CPU
		Release|Any CPU = Release|Any CPU
	EndGlobalSection
	GlobalSection(ProjectConfigurationPlatforms) = postSolution
		{1BC14D61-128F-4293-9F79-3A84F4AFF7CA}.Debug|Any CPU.ActiveCfg = Debug|Any CPU
		{1BC14D61-128F-4293-9F79-3A84F4AFF7CA}.Debug|Any CPU.Build.0 = Debug|Any CPU
		{1BC14D61-128F-4293-9F79-3A84F4AFF7CA}.Release|Any CPU.ActiveCfg = Release|Any CPU
		{1BC14D61-128F-4293-9F79-3A84F4AFF7CA}.Release|Any CPU.Build.0 = Release|Any CPU
	EndGlobalSection
	GlobalSection(SolutionProperties) = preSolution
		HideSolutionNode = FALSE
	EndGlobalSection
	GlobalSection(ExtensibilityGlobals) = postSolution
		SolutionGuid = {45219194-291B-4390-9089-3D8CFA163795}
	EndGlobalSection
EndGlobal
