
Microsoft Visual Studio Solution File, Format Version 12.00
# Visual Studio Version 17
VisualStudioVersion = 17.7.34024.191
MinimumVisualStudioVersion = 10.0.40219.1
Project("{FAE04EC0-301F-11D3-BF4B-00C04F79EFBC}") = "Loginsan1", "Loginsan1\Loginsan1.csproj", "{49C4D337-B622-4F73-9973-74D595464F09}"
EndProject
Global
	GlobalSection(SolutionConfigurationPlatforms) = preSolution
		Debug|Any CPU = Debug|Any CPU
		Release|Any CPU = Release|Any CPU
	EndGlobalSection
	GlobalSection(ProjectConfigurationPlatforms) = postSolution
		{49C4D337-B622-4F73-9973-74D595464F09}.Debug|Any CPU.ActiveCfg = Debug|Any CPU
		{49C4D337-B622-4F73-9973-74D595464F09}.Debug|Any CPU.Build.0 = Debug|Any CPU
		{49C4D337-B622-4F73-9973-74D595464F09}.Release|Any CPU.ActiveCfg = Release|Any CPU
		{49C4D337-B622-4F73-9973-74D595464F09}.Release|Any CPU.Build.0 = Release|Any CPU
	EndGlobalSection
	GlobalSection(SolutionProperties) = preSolution
		HideSolutionNode = FALSE
	EndGlobalSection
	GlobalSection(ExtensibilityGlobals) = postSolution
		SolutionGuid = {145C7EBE-A700-44D8-8FBF-80C3DEB28B32}
	EndGlobalSection
EndGlobal
