
Microsoft Visual Studio Solution File, Format Version 12.00
# Visual Studio Version 17
VisualStudioVersion = 17.7.34024.191
MinimumVisualStudioVersion = 10.0.40219.1
Project("{FAE04EC0-301F-11D3-BF4B-00C04F79EFBC}") = "Cinescore", "Cinescore\Cinescore.csproj", "{47E01D6C-27E5-4C4E-857E-4BF4D04229B7}"
EndProject
Global
	GlobalSection(SolutionConfigurationPlatforms) = preSolution
		Debug|Any CPU = Debug|Any CPU
		Release|Any CPU = Release|Any CPU
	EndGlobalSection
	GlobalSection(ProjectConfigurationPlatforms) = postSolution
		{47E01D6C-27E5-4C4E-857E-4BF4D04229B7}.Debug|Any CPU.ActiveCfg = Debug|Any CPU
		{47E01D6C-27E5-4C4E-857E-4BF4D04229B7}.Debug|Any CPU.Build.0 = Debug|Any CPU
		{47E01D6C-27E5-4C4E-857E-4BF4D04229B7}.Release|Any CPU.ActiveCfg = Release|Any CPU
		{47E01D6C-27E5-4C4E-857E-4BF4D04229B7}.Release|Any CPU.Build.0 = Release|Any CPU
	EndGlobalSection
	GlobalSection(SolutionProperties) = preSolution
		HideSolutionNode = FALSE
	EndGlobalSection
	GlobalSection(ExtensibilityGlobals) = postSolution
		SolutionGuid = {B4186FA1-3E34-4EF5-A460-17625742211C}
	EndGlobalSection
EndGlobal
