
Microsoft Visual Studio Solution File, Format Version 12.00
# Visual Studio Version 17
VisualStudioVersion = 17.7.34024.191
MinimumVisualStudioVersion = 10.0.40219.1
Project("{FAE04EC0-301F-11D3-BF4B-00C04F79EFBC}") = "Cinescore", "Cinescore\Cinescore.csproj", "{03091D09-C0B5-4BCD-9410-BC5B83E7FEF8}"
EndProject
Global
	GlobalSection(SolutionConfigurationPlatforms) = preSolution
		Debug|Any CPU = Debug|Any CPU
		Release|Any CPU = Release|Any CPU
	EndGlobalSection
	GlobalSection(ProjectConfigurationPlatforms) = postSolution
		{03091D09-C0B5-4BCD-9410-BC5B83E7FEF8}.Debug|Any CPU.ActiveCfg = Debug|Any CPU
		{03091D09-C0B5-4BCD-9410-BC5B83E7FEF8}.Debug|Any CPU.Build.0 = Debug|Any CPU
		{03091D09-C0B5-4BCD-9410-BC5B83E7FEF8}.Release|Any CPU.ActiveCfg = Release|Any CPU
		{03091D09-C0B5-4BCD-9410-BC5B83E7FEF8}.Release|Any CPU.Build.0 = Release|Any CPU
	EndGlobalSection
	GlobalSection(SolutionProperties) = preSolution
		HideSolutionNode = FALSE
	EndGlobalSection
	GlobalSection(ExtensibilityGlobals) = postSolution
		SolutionGuid = {0473BEF7-F503-487F-955F-750DED5E83E9}
	EndGlobalSection
EndGlobal
